
Microsoft Visual Studio Solution File, Format Version 12.00
# Visual Studio Version 17
VisualStudioVersion = 17.7.34031.279
MinimumVisualStudioVersion = 10.0.40219.1
Project("{FAE04EC0-301F-11D3-BF4B-00C04F79EFBC}") = "ETMS_API", "ETMS_API.csproj", "{A35E11AF-E394-4C7A-81B4-433F78A4D11B}"
EndProject
Global
	GlobalSection(SolutionConfigurationPlatforms) = preSolution
		Debug|Any CPU = Debug|Any CPU
		Release|Any CPU = Release|Any CPU
	EndGlobalSection
	GlobalSection(ProjectConfigurationPlatforms) = postSolution
		{A35E11AF-E394-4C7A-81B4-433F78A4D11B}.Debug|Any CPU.ActiveCfg = Debug|Any CPU
		{A35E11AF-E394-4C7A-81B4-433F78A4D11B}.Debug|Any CPU.Build.0 = Debug|Any CPU
		{A35E11AF-E394-4C7A-81B4-433F78A4D11B}.Release|Any CPU.ActiveCfg = Release|Any CPU
		{A35E11AF-E394-4C7A-81B4-433F78A4D11B}.Release|Any CPU.Build.0 = Release|Any CPU
	EndGlobalSection
	GlobalSection(SolutionProperties) = preSolution
		HideSolutionNode = FALSE
	EndGlobalSection
	GlobalSection(ExtensibilityGlobals) = postSolution
		SolutionGuid = {A61B59F8-627C-4743-BE87-426CCB4520A1}
	EndGlobalSection
EndGlobal
